
Microsoft Visual Studio Solution File, Format Version 12.00
# Visual Studio Version 16
VisualStudioVersion = 16.0.31515.178
MinimumVisualStudioVersion = 10.0.40219.1
Project("{FAE04EC0-301F-11D3-BF4B-00C04F79EFBC}") = "SignUpPage", "SignUpPage\SignUpPage.csproj", "{2E6E43D3-E7C2-4099-8A69-35ACB685EFF3}"
EndProject
Global
	GlobalSection(SolutionConfigurationPlatforms) = preSolution
		Debug|Any CPU = Debug|Any CPU
		Release|Any CPU = Release|Any CPU
	EndGlobalSection
	GlobalSection(ProjectConfigurationPlatforms) = postSolution
		{2E6E43D3-E7C2-4099-8A69-35ACB685EFF3}.Debug|Any CPU.ActiveCfg = Debug|Any CPU
		{2E6E43D3-E7C2-4099-8A69-35ACB685EFF3}.Debug|Any CPU.Build.0 = Debug|Any CPU
		{2E6E43D3-E7C2-4099-8A69-35ACB685EFF3}.Release|Any CPU.ActiveCfg = Release|Any CPU
		{2E6E43D3-E7C2-4099-8A69-35ACB685EFF3}.Release|Any CPU.Build.0 = Release|Any CPU
	EndGlobalSection
	GlobalSection(SolutionProperties) = preSolution
		HideSolutionNode = FALSE
	EndGlobalSection
	GlobalSection(ExtensibilityGlobals) = postSolution
		SolutionGuid = {049BE6C6-A15A-464E-BF39-994C1F751554}
	EndGlobalSection
EndGlobal
